// !$*UTF8*$!
{
	archiveVersion = 1;
	classes = {
	};
	objectVersion = 50;
	objects = {

/* Begin PBXBuildFile section */
		1C1819BB2528D26A006FA6F7 /* TitleSupplementaryView.swift in Sources */ = {isa = PBXBuildFile; fileRef = 1C1819BA2528D26A006FA6F7 /* TitleSupplementaryView.swift */; };
		1C1819C9252A29BF006FA6F7 /* MainItemCell.swift in Sources */ = {isa = PBXBuildFile; fileRef = 1C1819C8252A29BF006FA6F7 /* MainItemCell.swift */; };
		1C1819CD252A2D5C006FA6F7 /* ItemModel.swift in Sources */ = {isa = PBXBuildFile; fileRef = 1C1819CC252A2D5C006FA6F7 /* ItemModel.swift */; };
		1C1819D2252A2FBA006FA6F7 /* ItemDatabase.swift in Sources */ = {isa = PBXBuildFile; fileRef = 1C1819D1252A2FBA006FA6F7 /* ItemDatabase.swift */; };
		1C4D27A7253B1E9B007FE181 /* MenuViewController.swift in Sources */ = {isa = PBXBuildFile; fileRef = 1C4D27A6253B1E9B007FE181 /* MenuViewController.swift */; };
		1C4D27B5253B4864007FE181 /* GridViewController.swift in Sources */ = {isa = PBXBuildFile; fileRef = 1C4D27B4253B4864007FE181 /* GridViewController.swift */; };
		1C4D2888253C3772007FE181 /* SectionHeadersViewController.swift in Sources */ = {isa = PBXBuildFile; fileRef = 1C4D2887253C3772007FE181 /* SectionHeadersViewController.swift */; };
		1C4D288B253C651D007FE181 /* NestedGroupsViewController.swift in Sources */ = {isa = PBXBuildFile; fileRef = 1C4D288A253C651D007FE181 /* NestedGroupsViewController.swift */; };
		1C61FEB1253CD7020026A4CE /* ScrollBehaviorsViewController.swift in Sources */ = {isa = PBXBuildFile; fileRef = 1C61FEB0253CD7020026A4CE /* ScrollBehaviorsViewController.swift */; };
		1C61FEB8253CDC020026A4CE /* ImageCell.swift in Sources */ = {isa = PBXBuildFile; fileRef = 1C61FEB7253CDC020026A4CE /* ImageCell.swift */; };
		1C67F03025504170005E79AF /* ListViewController.swift in Sources */ = {isa = PBXBuildFile; fileRef = 1C67F02F25504170005E79AF /* ListViewController.swift */; };
		1C89CC4E254DD01400A26590 /* WaterfallLayoutViewController.swift in Sources */ = {isa = PBXBuildFile; fileRef = 1C89CC4D254DD01400A26590 /* WaterfallLayoutViewController.swift */; };
		1C89CC52254EC06600A26590 /* RamdomImageDatabase.swift in Sources */ = {isa = PBXBuildFile; fileRef = 1C89CC51254EC06600A26590 /* RamdomImageDatabase.swift */; };
		1C914535253E06BC0040C5D6 /* AdaptiveGridViewController.swift in Sources */ = {isa = PBXBuildFile; fileRef = 1C914534253E06BC0040C5D6 /* AdaptiveGridViewController.swift */; };
		1CB69C4E2531CB0E00C5EEB6 /* ListCell.swift in Sources */ = {isa = PBXBuildFile; fileRef = 1CB69C4D2531CB0E00C5EEB6 /* ListCell.swift */; };
		1CB69C512531CDEC00C5EEB6 /* SeparatorView.swift in Sources */ = {isa = PBXBuildFile; fileRef = 1CB69C502531CDEC00C5EEB6 /* SeparatorView.swift */; };
		1CB69C622531FBCA00C5EEB6 /* CategoryGridCell.swift in Sources */ = {isa = PBXBuildFile; fileRef = 1CB69C612531FBCA00C5EEB6 /* CategoryGridCell.swift */; };
		1CB69D322532054300C5EEB6 /* UIView+AddSubview.swift in Sources */ = {isa = PBXBuildFile; fileRef = 1CB69D312532054300C5EEB6 /* UIView+AddSubview.swift */; };
		1CB69D3725323F0100C5EEB6 /* WideItemCell.swift in Sources */ = {isa = PBXBuildFile; fileRef = 1CB69D3625323F0100C5EEB6 /* WideItemCell.swift */; };
		1CCF99D225540B2D00CDF100 /* Test.swift in Sources */ = {isa = PBXBuildFile; fileRef = 1CCF99D125540B2D00CDF100 /* Test.swift */; };
		1CD2A91B252877FE004BBD65 /* AppDelegate.swift in Sources */ = {isa = PBXBuildFile; fileRef = 1CD2A91A252877FE004BBD65 /* AppDelegate.swift */; };
		1CD2A91D252877FE004BBD65 /* SceneDelegate.swift in Sources */ = {isa = PBXBuildFile; fileRef = 1CD2A91C252877FE004BBD65 /* SceneDelegate.swift */; };
		1CD2A91F252877FE004BBD65 /* AppStoreViewController.swift in Sources */ = {isa = PBXBuildFile; fileRef = 1CD2A91E252877FE004BBD65 /* AppStoreViewController.swift */; };
		1CD2A922252877FE004BBD65 /* Main.storyboard in Resources */ = {isa = PBXBuildFile; fileRef = 1CD2A920252877FE004BBD65 /* Main.storyboard */; };
		1CD2A92425287801004BBD65 /* Assets.xcassets in Resources */ = {isa = PBXBuildFile; fileRef = 1CD2A92325287801004BBD65 /* Assets.xcassets */; };
		1CD2A92725287801004BBD65 /* LaunchScreen.storyboard in Resources */ = {isa = PBXBuildFile; fileRef = 1CD2A92525287801004BBD65 /* LaunchScreen.storyboard */; };
		1CDEA5BA252D095700D0B67C /* ItemCell.swift in Sources */ = {isa = PBXBuildFile; fileRef = 1CDEA5B8252D095700D0B67C /* ItemCell.swift */; };
/* End PBXBuildFile section */

/* Begin PBXFileReference section */
		1C1819BA2528D26A006FA6F7 /* TitleSupplementaryView.swift */ = {isa = PBXFileReference; fileEncoding = 4; lastKnownFileType = sourcecode.swift; path = TitleSupplementaryView.swift; sourceTree = "<group>"; };
		1C1819C8252A29BF006FA6F7 /* MainItemCell.swift */ = {isa = PBXFileReference; lastKnownFileType = sourcecode.swift; path = MainItemCell.swift; sourceTree = "<group>"; };
		1C1819CC252A2D5C006FA6F7 /* ItemModel.swift */ = {isa = PBXFileReference; lastKnownFileType = sourcecode.swift; path = ItemModel.swift; sourceTree = "<group>"; };
		1C1819D1252A2FBA006FA6F7 /* ItemDatabase.swift */ = {isa = PBXFileReference; lastKnownFileType = sourcecode.swift; path = ItemDatabase.swift; sourceTree = "<group>"; };
		1C4D27A6253B1E9B007FE181 /* MenuViewController.swift */ = {isa = PBXFileReference; lastKnownFileType = sourcecode.swift; path = MenuViewController.swift; sourceTree = "<group>"; };
		1C4D27B4253B4864007FE181 /* GridViewController.swift */ = {isa = PBXFileReference; lastKnownFileType = sourcecode.swift; path = GridViewController.swift; sourceTree = "<group>"; };
		1C4D2887253C3772007FE181 /* SectionHeadersViewController.swift */ = {isa = PBXFileReference; lastKnownFileType = sourcecode.swift; path = SectionHeadersViewController.swift; sourceTree = "<group>"; };
		1C4D288A253C651D007FE181 /* NestedGroupsViewController.swift */ = {isa = PBXFileReference; lastKnownFileType = sourcecode.swift; path = NestedGroupsViewController.swift; sourceTree = "<group>"; };
		1C61FEB0253CD7020026A4CE /* ScrollBehaviorsViewController.swift */ = {isa = PBXFileReference; lastKnownFileType = sourcecode.swift; path = ScrollBehaviorsViewController.swift; sourceTree = "<group>"; };
		1C61FEB7253CDC020026A4CE /* ImageCell.swift */ = {isa = PBXFileReference; lastKnownFileType = sourcecode.swift; path = ImageCell.swift; sourceTree = "<group>"; };
		1C67F02F25504170005E79AF /* ListViewController.swift */ = {isa = PBXFileReference; lastKnownFileType = sourcecode.swift; path = ListViewController.swift; sourceTree = "<group>"; };
		1C89CC4D254DD01400A26590 /* WaterfallLayoutViewController.swift */ = {isa = PBXFileReference; lastKnownFileType = sourcecode.swift; path = WaterfallLayoutViewController.swift; sourceTree = "<group>"; };
		1C89CC51254EC06600A26590 /* RamdomImageDatabase.swift */ = {isa = PBXFileReference; lastKnownFileType = sourcecode.swift; path = RamdomImageDatabase.swift; sourceTree = "<group>"; };
		1C914534253E06BC0040C5D6 /* AdaptiveGridViewController.swift */ = {isa = PBXFileReference; lastKnownFileType = sourcecode.swift; path = AdaptiveGridViewController.swift; sourceTree = "<group>"; };
		1CB69C4D2531CB0E00C5EEB6 /* ListCell.swift */ = {isa = PBXFileReference; lastKnownFileType = sourcecode.swift; path = ListCell.swift; sourceTree = "<group>"; };
		1CB69C502531CDEC00C5EEB6 /* SeparatorView.swift */ = {isa = PBXFileReference; lastKnownFileType = sourcecode.swift; path = SeparatorView.swift; sourceTree = "<group>"; };
		1CB69C612531FBCA00C5EEB6 /* CategoryGridCell.swift */ = {isa = PBXFileReference; fileEncoding = 4; lastKnownFileType = sourcecode.swift; path = CategoryGridCell.swift; sourceTree = "<group>"; };
		1CB69D312532054300C5EEB6 /* UIView+AddSubview.swift */ = {isa = PBXFileReference; lastKnownFileType = sourcecode.swift; path = "UIView+AddSubview.swift"; sourceTree = "<group>"; };
		1CB69D3625323F0100C5EEB6 /* WideItemCell.swift */ = {isa = PBXFileReference; lastKnownFileType = sourcecode.swift; path = WideItemCell.swift; sourceTree = "<group>"; };
		1CCF99D125540B2D00CDF100 /* Test.swift */ = {isa = PBXFileReference; lastKnownFileType = sourcecode.swift; path = Test.swift; sourceTree = "<group>"; };
		1CD2A917252877FE004BBD65 /* ModernCollectionViewSample.app */ = {isa = PBXFileReference; explicitFileType = wrapper.application; includeInIndex = 0; path = ModernCollectionViewSample.app; sourceTree = BUILT_PRODUCTS_DIR; };
		1CD2A91A252877FE004BBD65 /* AppDelegate.swift */ = {isa = PBXFileReference; lastKnownFileType = sourcecode.swift; path = AppDelegate.swift; sourceTree = "<group>"; };
		1CD2A91C252877FE004BBD65 /* SceneDelegate.swift */ = {isa = PBXFileReference; lastKnownFileType = sourcecode.swift; path = SceneDelegate.swift; sourceTree = "<group>"; };
		1CD2A91E252877FE004BBD65 /* AppStoreViewController.swift */ = {isa = PBXFileReference; lastKnownFileType = sourcecode.swift; path = AppStoreViewController.swift; sourceTree = "<group>"; };
		1CD2A921252877FE004BBD65 /* Base */ = {isa = PBXFileReference; lastKnownFileType = file.storyboard; name = Base; path = Base.lproj/Main.storyboard; sourceTree = "<group>"; };
		1CD2A92325287801004BBD65 /* Assets.xcassets */ = {isa = PBXFileReference; lastKnownFileType = folder.assetcatalog; path = Assets.xcassets; sourceTree = "<group>"; };
		1CD2A92625287801004BBD65 /* Base */ = {isa = PBXFileReference; lastKnownFileType = file.storyboard; name = Base; path = Base.lproj/LaunchScreen.storyboard; sourceTree = "<group>"; };
		1CD2A92825287801004BBD65 /* Info.plist */ = {isa = PBXFileReference; lastKnownFileType = text.plist.xml; path = Info.plist; sourceTree = "<group>"; };
		1CDEA5B8252D095700D0B67C /* ItemCell.swift */ = {isa = PBXFileReference; lastKnownFileType = sourcecode.swift; path = ItemCell.swift; sourceTree = "<group>"; };
/* End PBXFileReference section */

/* Begin PBXFrameworksBuildPhase section */
		1CD2A914252877FE004BBD65 /* Frameworks */ = {
			isa = PBXFrameworksBuildPhase;
			buildActionMask = 2147483647;
			files = (
			);
			runOnlyForDeploymentPostprocessing = 0;
		};
/* End PBXFrameworksBuildPhase section */

/* Begin PBXGroup section */
		1C1819BD2528D26E006FA6F7 /* Cells and supplementary views */ = {
			isa = PBXGroup;
			children = (
				1C1819C8252A29BF006FA6F7 /* MainItemCell.swift */,
				1CDEA5B8252D095700D0B67C /* ItemCell.swift */,
				1CB69D3625323F0100C5EEB6 /* WideItemCell.swift */,
				1CB69C4D2531CB0E00C5EEB6 /* ListCell.swift */,
				1CB69C612531FBCA00C5EEB6 /* CategoryGridCell.swift */,
				1C1819BA2528D26A006FA6F7 /* TitleSupplementaryView.swift */,
				1C61FEB7253CDC020026A4CE /* ImageCell.swift */,
			);
			path = "Cells and supplementary views";
			sourceTree = "<group>";
		};
		1C1819CB252A2D4C006FA6F7 /* Model */ = {
			isa = PBXGroup;
			children = (
				1C1819CC252A2D5C006FA6F7 /* ItemModel.swift */,
				1C1819D1252A2FBA006FA6F7 /* ItemDatabase.swift */,
				1C89CC51254EC06600A26590 /* RamdomImageDatabase.swift */,
			);
			path = Model;
			sourceTree = "<group>";
		};
		1C4D27B8253B496E007FE181 /* ViewControllers */ = {
			isa = PBXGroup;
			children = (
				1C4D27A6253B1E9B007FE181 /* MenuViewController.swift */,
				1C67F02F25504170005E79AF /* ListViewController.swift */,
				1C4D27B4253B4864007FE181 /* GridViewController.swift */,
				1C914534253E06BC0040C5D6 /* AdaptiveGridViewController.swift */,
				1C4D2887253C3772007FE181 /* SectionHeadersViewController.swift */,
				1C4D288A253C651D007FE181 /* NestedGroupsViewController.swift */,
				1C61FEB0253CD7020026A4CE /* ScrollBehaviorsViewController.swift */,
				1CD2A91E252877FE004BBD65 /* AppStoreViewController.swift */,
				1C89CC4D254DD01400A26590 /* WaterfallLayoutViewController.swift */,
			);
			path = ViewControllers;
			sourceTree = "<group>";
		};
		1CB69C592531F6F000C5EEB6 /* Custom Views */ = {
			isa = PBXGroup;
			children = (
				1CB69C502531CDEC00C5EEB6 /* SeparatorView.swift */,
			);
			path = "Custom Views";
			sourceTree = "<group>";
		};
		1CB69C642532050A00C5EEB6 /* Extensions */ = {
			isa = PBXGroup;
			children = (
				1CB69D312532054300C5EEB6 /* UIView+AddSubview.swift */,
			);
			path = Extensions;
			sourceTree = "<group>";
		};
		1CD2A90E252877FE004BBD65 = {
			isa = PBXGroup;
			children = (
				1CD2A919252877FE004BBD65 /* ModernCollectionViewSample */,
				1CD2A918252877FE004BBD65 /* Products */,
			);
			sourceTree = "<group>";
		};
		1CD2A918252877FE004BBD65 /* Products */ = {
			isa = PBXGroup;
			children = (
				1CD2A917252877FE004BBD65 /* ModernCollectionViewSample.app */,
			);
			name = Products;
			sourceTree = "<group>";
		};
		1CD2A919252877FE004BBD65 /* ModernCollectionViewSample */ = {
			isa = PBXGroup;
			children = (
				1CD2A91A252877FE004BBD65 /* AppDelegate.swift */,
				1CD2A91C252877FE004BBD65 /* SceneDelegate.swift */,
				1C4D27B8253B496E007FE181 /* ViewControllers */,
				1C1819BD2528D26E006FA6F7 /* Cells and supplementary views */,
				1CB69C592531F6F000C5EEB6 /* Custom Views */,
				1C1819CB252A2D4C006FA6F7 /* Model */,
				1CB69C642532050A00C5EEB6 /* Extensions */,
				1CD2A920252877FE004BBD65 /* Main.storyboard */,
				1CD2A92325287801004BBD65 /* Assets.xcassets */,
				1CD2A92525287801004BBD65 /* LaunchScreen.storyboard */,
				1CD2A92825287801004BBD65 /* Info.plist */,
				1CCF99D125540B2D00CDF100 /* Test.swift */,
			);
			path = ModernCollectionViewSample;
			sourceTree = "<group>";
		};
/* End PBXGroup section */

/* Begin PBXNativeTarget section */
		1CD2A916252877FE004BBD65 /* ModernCollectionViewSample */ = {
			isa = PBXNativeTarget;
			buildConfigurationList = 1CD2A92B25287801004BBD65 /* Build configuration list for PBXNativeTarget "ModernCollectionViewSample" */;
			buildPhases = (
				1CD2A913252877FE004BBD65 /* Sources */,
				1CD2A914252877FE004BBD65 /* Frameworks */,
				1CD2A915252877FE004BBD65 /* Resources */,
			);
			buildRules = (
			);
			dependencies = (
			);
			name = ModernCollectionViewSample;
			productName = ModernCollectionViewSample;
			productReference = 1CD2A917252877FE004BBD65 /* ModernCollectionViewSample.app */;
			productType = "com.apple.product-type.application";
		};
/* End PBXNativeTarget section */

/* Begin PBXProject section */
		1CD2A90F252877FE004BBD65 /* Project object */ = {
			isa = PBXProject;
			attributes = {
				LastSwiftUpdateCheck = 1200;
				LastUpgradeCheck = 1200;
				TargetAttributes = {
					1CD2A916252877FE004BBD65 = {
						CreatedOnToolsVersion = 12.0.1;
					};
				};
			};
			buildConfigurationList = 1CD2A912252877FE004BBD65 /* Build configuration list for PBXProject "ModernCollectionViewSample" */;
			compatibilityVersion = "Xcode 9.3";
			developmentRegion = en;
			hasScannedForEncodings = 0;
			knownRegions = (
				en,
				Base,
			);
			mainGroup = 1CD2A90E252877FE004BBD65;
			productRefGroup = 1CD2A918252877FE004BBD65 /* Products */;
			projectDirPath = "";
			projectRoot = "";
			targets = (
				1CD2A916252877FE004BBD65 /* ModernCollectionViewSample */,
			);
		};
/* End PBXProject section */

/* Begin PBXResourcesBuildPhase section */
		1CD2A915252877FE004BBD65 /* Resources */ = {
			isa = PBXResourcesBuildPhase;
			buildActionMask = 2147483647;
			files = (
				1CD2A92725287801004BBD65 /* LaunchScreen.storyboard in Resources */,
				1CD2A92425287801004BBD65 /* Assets.xcassets in Resources */,
				1CD2A922252877FE004BBD65 /* Main.storyboard in Resources */,
			);
			runOnlyForDeploymentPostprocessing = 0;
		};
/* End PBXResourcesBuildPhase section */

/* Begin PBXSourcesBuildPhase section */
		1CD2A913252877FE004BBD65 /* Sources */ = {
			isa = PBXSourcesBuildPhase;
			buildActionMask = 2147483647;
			files = (
				1CD2A91F252877FE004BBD65 /* AppStoreViewController.swift in Sources */,
				1C4D2888253C3772007FE181 /* SectionHeadersViewController.swift in Sources */,
				1C1819CD252A2D5C006FA6F7 /* ItemModel.swift in Sources */,
				1C61FEB8253CDC020026A4CE /* ImageCell.swift in Sources */,
				1CB69C512531CDEC00C5EEB6 /* SeparatorView.swift in Sources */,
				1CCF99D225540B2D00CDF100 /* Test.swift in Sources */,
				1CDEA5BA252D095700D0B67C /* ItemCell.swift in Sources */,
				1C61FEB1253CD7020026A4CE /* ScrollBehaviorsViewController.swift in Sources */,
				1C89CC52254EC06600A26590 /* RamdomImageDatabase.swift in Sources */,
				1CB69D322532054300C5EEB6 /* UIView+AddSubview.swift in Sources */,
				1C1819BB2528D26A006FA6F7 /* TitleSupplementaryView.swift in Sources */,
				1C1819C9252A29BF006FA6F7 /* MainItemCell.swift in Sources */,
				1CB69C4E2531CB0E00C5EEB6 /* ListCell.swift in Sources */,
				1CB69D3725323F0100C5EEB6 /* WideItemCell.swift in Sources */,
				1CD2A91B252877FE004BBD65 /* AppDelegate.swift in Sources */,
				1CB69C622531FBCA00C5EEB6 /* CategoryGridCell.swift in Sources */,
				1C67F03025504170005E79AF /* ListViewController.swift in Sources */,
				1C4D288B253C651D007FE181 /* NestedGroupsViewController.swift in Sources */,
				1C4D27B5253B4864007FE181 /* GridViewController.swift in Sources */,
				1C89CC4E254DD01400A26590 /* WaterfallLayoutViewController.swift in Sources */,
				1C914535253E06BC0040C5D6 /* AdaptiveGridViewController.swift in Sources */,
				1C1819D2252A2FBA006FA6F7 /* ItemDatabase.swift in Sources */,
				1C4D27A7253B1E9B007FE181 /* MenuViewController.swift in Sources */,
				1CD2A91D252877FE004BBD65 /* SceneDelegate.swift in Sources */,
			);
			runOnlyForDeploymentPostprocessing = 0;
		};
/* End PBXSourcesBuildPhase section */

/* Begin PBXVariantGroup section */
		1CD2A920252877FE004BBD65 /* Main.storyboard */ = {
			isa = PBXVariantGroup;
			children = (
				1CD2A921252877FE004BBD65 /* Base */,
			);
			name = Main.storyboard;
			sourceTree = "<group>";
		};
		1CD2A92525287801004BBD65 /* LaunchScreen.storyboard */ = {
			isa = PBXVariantGroup;
			children = (
				1CD2A92625287801004BBD65 /* Base */,
			);
			name = LaunchScreen.storyboard;
			sourceTree = "<group>";
		};
/* End PBXVariantGroup section */

/* Begin XCBuildConfiguration section */
		1CD2A92925287801004BBD65 /* Debug */ = {
			isa = XCBuildConfiguration;
			buildSettings = {
				ALWAYS_SEARCH_USER_PATHS = NO;
				CLANG_ANALYZER_NONNULL = YES;
				CLANG_ANALYZER_NUMBER_OBJECT_CONVERSION = YES_AGGRESSIVE;
				CLANG_CXX_LANGUAGE_STANDARD = "gnu++14";
				CLANG_CXX_LIBRARY = "libc++";
				CLANG_ENABLE_MODULES = YES;
				CLANG_ENABLE_OBJC_ARC = YES;
				CLANG_ENABLE_OBJC_WEAK = YES;
				CLANG_WARN_BLOCK_CAPTURE_AUTORELEASING = YES;
				CLANG_WARN_BOOL_CONVERSION = YES;
				CLANG_WARN_COMMA = YES;
				CLANG_WARN_CONSTANT_CONVERSION = YES;
				CLANG_WARN_DEPRECATED_OBJC_IMPLEMENTATIONS = YES;
				CLANG_WARN_DIRECT_OBJC_ISA_USAGE = YES_ERROR;
				CLANG_WARN_DOCUMENTATION_COMMENTS = YES;
				CLANG_WARN_EMPTY_BODY = YES;
				CLANG_WARN_ENUM_CONVERSION = YES;
				CLANG_WARN_INFINITE_RECURSION = YES;
				CLANG_WARN_INT_CONVERSION = YES;
				CLANG_WARN_NON_LITERAL_NULL_CONVERSION = YES;
				CLANG_WARN_OBJC_IMPLICIT_RETAIN_SELF = YES;
				CLANG_WARN_OBJC_LITERAL_CONVERSION = YES;
				CLANG_WARN_OBJC_ROOT_CLASS = YES_ERROR;
				CLANG_WARN_QUOTED_INCLUDE_IN_FRAMEWORK_HEADER = YES;
				CLANG_WARN_RANGE_LOOP_ANALYSIS = YES;
				CLANG_WARN_STRICT_PROTOTYPES = YES;
				CLANG_WARN_SUSPICIOUS_MOVE = YES;
				CLANG_WARN_UNGUARDED_AVAILABILITY = YES_AGGRESSIVE;
				CLANG_WARN_UNREACHABLE_CODE = YES;
				CLANG_WARN__DUPLICATE_METHOD_MATCH = YES;
				COPY_PHASE_STRIP = NO;
				DEBUG_INFORMATION_FORMAT = dwarf;
				ENABLE_STRICT_OBJC_MSGSEND = YES;
				ENABLE_TESTABILITY = YES;
				GCC_C_LANGUAGE_STANDARD = gnu11;
				GCC_DYNAMIC_NO_PIC = NO;
				GCC_NO_COMMON_BLOCKS = YES;
				GCC_OPTIMIZATION_LEVEL = 0;
				GCC_PREPROCESSOR_DEFINITIONS = (
					"DEBUG=1",
					"$(inherited)",
				);
				GCC_WARN_64_TO_32_BIT_CONVERSION = YES;
				GCC_WARN_ABOUT_RETURN_TYPE = YES_ERROR;
				GCC_WARN_UNDECLARED_SELECTOR = YES;
				GCC_WARN_UNINITIALIZED_AUTOS = YES_AGGRESSIVE;
				GCC_WARN_UNUSED_FUNCTION = YES;
				GCC_WARN_UNUSED_VARIABLE = YES;
				IPHONEOS_DEPLOYMENT_TARGET = 14.0;
				MTL_ENABLE_DEBUG_INFO = INCLUDE_SOURCE;
				MTL_FAST_MATH = YES;
				ONLY_ACTIVE_ARCH = YES;
				SDKROOT = iphoneos;
				SWIFT_ACTIVE_COMPILATION_CONDITIONS = DEBUG;
				SWIFT_OPTIMIZATION_LEVEL = "-Onone";
			};
			name = Debug;
		};
		1CD2A92A25287801004BBD65 /* Release */ = {
			isa = XCBuildConfiguration;
			buildSettings = {
				ALWAYS_SEARCH_USER_PATHS = NO;
				CLANG_ANALYZER_NONNULL = YES;
				CLANG_ANALYZER_NUMBER_OBJECT_CONVERSION = YES_AGGRESSIVE;
				CLANG_CXX_LANGUAGE_STANDARD = "gnu++14";
				CLANG_CXX_LIBRARY = "libc++";
				CLANG_ENABLE_MODULES = YES;
				CLANG_ENABLE_OBJC_ARC = YES;
				CLANG_ENABLE_OBJC_WEAK = YES;
				CLANG_WARN_BLOCK_CAPTURE_AUTORELEASING = YES;
				CLANG_WARN_BOOL_CONVERSION = YES;
				CLANG_WARN_COMMA = YES;
				CLANG_WARN_CONSTANT_CONVERSION = YES;
				CLANG_WARN_DEPRECATED_OBJC_IMPLEMENTATIONS = YES;
				CLANG_WARN_DIRECT_OBJC_ISA_USAGE = YES_ERROR;
				CLANG_WARN_DOCUMENTATION_COMMENTS = YES;
				CLANG_WARN_EMPTY_BODY = YES;
				CLANG_WARN_ENUM_CONVERSION = YES;
				CLANG_WARN_INFINITE_RECURSION = YES;
				CLANG_WARN_INT_CONVERSION = YES;
				CLANG_WARN_NON_LITERAL_NULL_CONVERSION = YES;
				CLANG_WARN_OBJC_IMPLICIT_RETAIN_SELF = YES;
				CLANG_WARN_OBJC_LITERAL_CONVERSION = YES;
				CLANG_WARN_OBJC_ROOT_CLASS = YES_ERROR;
				CLANG_WARN_QUOTED_INCLUDE_IN_FRAMEWORK_HEADER = YES;
				CLANG_WARN_RANGE_LOOP_ANALYSIS = YES;
				CLANG_WARN_STRICT_PROTOTYPES = YES;
				CLANG_WARN_SUSPICIOUS_MOVE = YES;
				CLANG_WARN_UNGUARDED_AVAILABILITY = YES_AGGRESSIVE;
				CLANG_WARN_UNREACHABLE_CODE = YES;
				CLANG_WARN__DUPLICATE_METHOD_MATCH = YES;
				COPY_PHASE_STRIP = NO;
				DEBUG_INFORMATION_FORMAT = "dwarf-with-dsym";
				ENABLE_NS_ASSERTIONS = NO;
				ENABLE_STRICT_OBJC_MSGSEND = YES;
				GCC_C_LANGUAGE_STANDARD = gnu11;
				GCC_NO_COMMON_BLOCKS = YES;
				GCC_WARN_64_TO_32_BIT_CONVERSION = YES;
				GCC_WARN_ABOUT_RETURN_TYPE = YES_ERROR;
				GCC_WARN_UNDECLARED_SELECTOR = YES;
				GCC_WARN_UNINITIALIZED_AUTOS = YES_AGGRESSIVE;
				GCC_WARN_UNUSED_FUNCTION = YES;
				GCC_WARN_UNUSED_VARIABLE = YES;
				IPHONEOS_DEPLOYMENT_TARGET = 14.0;
				MTL_ENABLE_DEBUG_INFO = NO;
				MTL_FAST_MATH = YES;
				SDKROOT = iphoneos;
				SWIFT_COMPILATION_MODE = wholemodule;
				SWIFT_OPTIMIZATION_LEVEL = "-O";
				VALIDATE_PRODUCT = YES;
			};
			name = Release;
		};
		1CD2A92C25287801004BBD65 /* Debug */ = {
			isa = XCBuildConfiguration;
			buildSettings = {
				ASSETCATALOG_COMPILER_APPICON_NAME = AppIcon;
				ASSETCATALOG_COMPILER_GLOBAL_ACCENT_COLOR_NAME = AccentColor;
				CODE_SIGN_STYLE = Automatic;
				DEVELOPMENT_TEAM = ZPAU595F7P;
				INFOPLIST_FILE = ModernCollectionViewSample/Info.plist;
				IPHONEOS_DEPLOYMENT_TARGET = 14.0;
				LD_RUNPATH_SEARCH_PATHS = (
					"$(inherited)",
					"@executable_path/Frameworks",
				);
				PRODUCT_BUNDLE_IDENTIFIER = friends.ModernCollectionViewSample;
				PRODUCT_NAME = "$(TARGET_NAME)";
				SWIFT_VERSION = 5.0;
				TARGETED_DEVICE_FAMILY = "1,2";
			};
			name = Debug;
		};
		1CD2A92D25287801004BBD65 /* Release */ = {
			isa = XCBuildConfiguration;
			buildSettings = {
				ASSETCATALOG_COMPILER_APPICON_NAME = AppIcon;
				ASSETCATALOG_COMPILER_GLOBAL_ACCENT_COLOR_NAME = AccentColor;
				CODE_SIGN_STYLE = Automatic;
				DEVELOPMENT_TEAM = ZPAU595F7P;
				INFOPLIST_FILE = ModernCollectionViewSample/Info.plist;
				IPHONEOS_DEPLOYMENT_TARGET = 14.0;
				LD_RUNPATH_SEARCH_PATHS = (
					"$(inherited)",
					"@executable_path/Frameworks",
				);
				PRODUCT_BUNDLE_IDENTIFIER = friends.ModernCollectionViewSample;
				PRODUCT_NAME = "$(TARGET_NAME)";
				SWIFT_VERSION = 5.0;
				TARGETED_DEVICE_FAMILY = "1,2";
			};
			name = Release;
		};
/* End XCBuildConfiguration section */

/* Begin XCConfigurationList section */
		1CD2A912252877FE004BBD65 /* Build configuration list for PBXProject "ModernCollectionViewSample" */ = {
			isa = XCConfigurationList;
			buildConfigurations = (
				1CD2A92925287801004BBD65 /* Debug */,
				1CD2A92A25287801004BBD65 /* Release */,
			);
			defaultConfigurationIsVisible = 0;
			defaultConfigurationName = Release;
		};
		1CD2A92B25287801004BBD65 /* Build configuration list for PBXNativeTarget "ModernCollectionViewSample" */ = {
			isa = XCConfigurationList;
			buildConfigurations = (
				1CD2A92C25287801004BBD65 /* Debug */,
				1CD2A92D25287801004BBD65 /* Release */,
			);
			defaultConfigurationIsVisible = 0;
			defaultConfigurationName = Release;
		};
/* End XCConfigurationList section */
	};
	rootObject = 1CD2A90F252877FE004BBD65 /* Project object */;
}
